// !$*UTF8*$!
{
	archiveVersion = 1;
	classes = {
	};
	objectVersion = 50;
	objects = {

/* Begin PBXBuildFile section */
		32FEDE4823FFCC16009C99FC /* AppDelegate.swift in Sources */ = {isa = PBXBuildFile; fileRef = 32FEDE4723FFCC16009C99FC /* AppDelegate.swift */; };
		32FEDE4A23FFCC16009C99FC /* SceneDelegate.swift in Sources */ = {isa = PBXBuildFile; fileRef = 32FEDE4923FFCC16009C99FC /* SceneDelegate.swift */; };
		32FEDE4C23FFCC16009C99FC /* ViewController.swift in Sources */ = {isa = PBXBuildFile; fileRef = 32FEDE4B23FFCC16009C99FC /* ViewController.swift */; };
		32FEDE4F23FFCC16009C99FC /* Main.storyboard in Resources */ = {isa = PBXBuildFile; fileRef = 32FEDE4D23FFCC16009C99FC /* Main.storyboard */; };
		32FEDE5123FFCC19009C99FC /* Assets.xcassets in Resources */ = {isa = PBXBuildFile; fileRef = 32FEDE5023FFCC19009C99FC /* Assets.xcassets */; };
		32FEDE5423FFCC19009C99FC /* LaunchScreen.storyboard in Resources */ = {isa = PBXBuildFile; fileRef = 32FEDE5223FFCC19009C99FC /* LaunchScreen.storyboard */; };
/* End PBXBuildFile section */

/* Begin PBXFileReference section */
		32FEDE4423FFCC16009C99FC /* Proxy (Заместитель).app */ = {isa = PBXFileReference; explicitFileType = wrapper.application; includeInIndex = 0; path = "Proxy (Заместитель).app"; sourceTree = BUILT_PRODUCTS_DIR; };
		32FEDE4723FFCC16009C99FC /* AppDelegate.swift */ = {isa = PBXFileReference; lastKnownFileType = sourcecode.swift; path = AppDelegate.swift; sourceTree = "<group>"; };
		32FEDE4923FFCC16009C99FC /* SceneDelegate.swift */ = {isa = PBXFileReference; lastKnownFileType = sourcecode.swift; path = SceneDelegate.swift; sourceTree = "<group>"; };
		32FEDE4B23FFCC16009C99FC /* ViewController.swift */ = {isa = PBXFileReference; lastKnownFileType = sourcecode.swift; path = ViewController.swift; sourceTree = "<group>"; };
		32FEDE4E23FFCC16009C99FC /* Base */ = {isa = PBXFileReference; lastKnownFileType = file.storyboard; name = Base; path = Base.lproj/Main.storyboard; sourceTree = "<group>"; };
		32FEDE5023FFCC19009C99FC /* Assets.xcassets */ = {isa = PBXFileReference; lastKnownFileType = folder.assetcatalog; path = Assets.xcassets; sourceTree = "<group>"; };
		32FEDE5323FFCC19009C99FC /* Base */ = {isa = PBXFileReference; lastKnownFileType = file.storyboard; name = Base; path = Base.lproj/LaunchScreen.storyboard; sourceTree = "<group>"; };
		32FEDE5523FFCC19009C99FC /* Info.plist */ = {isa = PBXFileReference; lastKnownFileType = text.plist.xml; path = Info.plist; sourceTree = "<group>"; };
/* End PBXFileReference section */

/* Begin PBXFrameworksBuildPhase section */
		32FEDE4123FFCC16009C99FC /* Frameworks */ = {
			isa = PBXFrameworksBuildPhase;
			buildActionMask = 2147483647;
			files = (
			);
			runOnlyForDeploymentPostprocessing = 0;
		};
/* End PBXFrameworksBuildPhase section */

/* Begin PBXGroup section */
		32FEDE3B23FFCC16009C99FC = {
			isa = PBXGroup;
			children = (
				32FEDE4623FFCC16009C99FC /* Proxy (Заместитель) */,
				32FEDE4523FFCC16009C99FC /* Products */,
			);
			sourceTree = "<group>";
		};
		32FEDE4523FFCC16009C99FC /* Products */ = {
			isa = PBXGroup;
			children = (
				32FEDE4423FFCC16009C99FC /* Proxy (Заместитель).app */,
			);
			name = Products;
			sourceTree = "<group>";
		};
		32FEDE4623FFCC16009C99FC /* Proxy (Заместитель) */ = {
			isa = PBXGroup;
			children = (
				32FEDE4723FFCC16009C99FC /* AppDelegate.swift */,
				32FEDE4923FFCC16009C99FC /* SceneDelegate.swift */,
				32FEDE4B23FFCC16009C99FC /* ViewController.swift */,
				32FEDE4D23FFCC16009C99FC /* Main.storyboard */,
				32FEDE5023FFCC19009C99FC /* Assets.xcassets */,
				32FEDE5223FFCC19009C99FC /* LaunchScreen.storyboard */,
				32FEDE5523FFCC19009C99FC /* Info.plist */,
			);
			path = "Proxy (Заместитель)";
			sourceTree = "<group>";
		};
/* End PBXGroup section */

/* Begin PBXNativeTarget section */
		32FEDE4323FFCC16009C99FC /* Proxy (Заместитель) */ = {
			isa = PBXNativeTarget;
			buildConfigurationList = 32FEDE5823FFCC19009C99FC /* Build configuration list for PBXNativeTarget "Proxy (Заместитель)" */;
			buildPhases = (
				32FEDE4023FFCC16009C99FC /* Sources */,
				32FEDE4123FFCC16009C99FC /* Frameworks */,
				32FEDE4223FFCC16009C99FC /* Resources */,
			);
			buildRules = (
			);
			dependencies = (
			);
			name = "Proxy (Заместитель)";
			productName = "Proxy (Заместитель)";
			productReference = 32FEDE4423FFCC16009C99FC /* Proxy (Заместитель).app */;
			productType = "com.apple.product-type.application";
		};
/* End PBXNativeTarget section */

/* Begin PBXProject section */
		32FEDE3C23FFCC16009C99FC /* Project object */ = {
			isa = PBXProject;
			attributes = {
				LastSwiftUpdateCheck = 1130;
				LastUpgradeCheck = 1130;
				ORGANIZATIONNAME = "Дмитрий Заводнов";
				TargetAttributes = {
					32FEDE4323FFCC16009C99FC = {
						CreatedOnToolsVersion = 11.3.1;
					};
				};
			};
			buildConfigurationList = 32FEDE3F23FFCC16009C99FC /* Build configuration list for PBXProject "Proxy (Заместитель)" */;
			compatibilityVersion = "Xcode 9.3";
			developmentRegion = en;
			hasScannedForEncodings = 0;
			knownRegions = (
				en,
				Base,
			);
			mainGroup = 32FEDE3B23FFCC16009C99FC;
			productRefGroup = 32FEDE4523FFCC16009C99FC /* Products */;
			projectDirPath = "";
			projectRoot = "";
			targets = (
				32FEDE4323FFCC16009C99FC /* Proxy (Заместитель) */,
			);
		};
/* End PBXProject section */

/* Begin PBXResourcesBuildPhase section */
		32FEDE4223FFCC16009C99FC /* Resources */ = {
			isa = PBXResourcesBuildPhase;
			buildActionMask = 2147483647;
			files = (
				32FEDE5423FFCC19009C99FC /* LaunchScreen.storyboard in Resources */,
				32FEDE5123FFCC19009C99FC /* Assets.xcassets in Resources */,
				32FEDE4F23FFCC16009C99FC /* Main.storyboard in Resources */,
			);
			runOnlyForDeploymentPostprocessing = 0;
		};
/* End PBXResourcesBuildPhase section */

/* Begin PBXSourcesBuildPhase section */
		32FEDE4023FFCC16009C99FC /* Sources */ = {
			isa = PBXSourcesBuildPhase;
			buildActionMask = 2147483647;
			files = (
				32FEDE4C23FFCC16009C99FC /* ViewController.swift in Sources */,
				32FEDE4823FFCC16009C99FC /* AppDelegate.swift in Sources */,
				32FEDE4A23FFCC16009C99FC /* SceneDelegate.swift in Sources */,
			);
			runOnlyForDeploymentPostprocessing = 0;
		};
/* End PBXSourcesBuildPhase section */

/* Begin PBXVariantGroup section */
		32FEDE4D23FFCC16009C99FC /* Main.storyboard */ = {
			isa = PBXVariantGroup;
			children = (
				32FEDE4E23FFCC16009C99FC /* Base */,
			);
			name = Main.storyboard;
			sourceTree = "<group>";
		};
		32FEDE5223FFCC19009C99FC /* LaunchScreen.storyboard */ = {
			isa = PBXVariantGroup;
			children = (
				32FEDE5323FFCC19009C99FC /* Base */,
			);
			name = LaunchScreen.storyboard;
			sourceTree = "<group>";
		};
/* End PBXVariantGroup section */

/* Begin XCBuildConfiguration section */
		32FEDE5623FFCC19009C99FC /* Debug */ = {
			isa = XCBuildConfiguration;
			buildSettings = {
				ALWAYS_SEARCH_USER_PATHS = NO;
				CLANG_ANALYZER_NONNULL = YES;
				CLANG_ANALYZER_NUMBER_OBJECT_CONVERSION = YES_AGGRESSIVE;
				CLANG_CXX_LANGUAGE_STANDARD = "gnu++14";
				CLANG_CXX_LIBRARY = "libc++";
				CLANG_ENABLE_MODULES = YES;
				CLANG_ENABLE_OBJC_ARC = YES;
				CLANG_ENABLE_OBJC_WEAK = YES;
				CLANG_WARN_BLOCK_CAPTURE_AUTORELEASING = YES;
				CLANG_WARN_BOOL_CONVERSION = YES;
				CLANG_WARN_COMMA = YES;
				CLANG_WARN_CONSTANT_CONVERSION = YES;
				CLANG_WARN_DEPRECATED_OBJC_IMPLEMENTATIONS = YES;
				CLANG_WARN_DIRECT_OBJC_ISA_USAGE = YES_ERROR;
				CLANG_WARN_DOCUMENTATION_COMMENTS = YES;
				CLANG_WARN_EMPTY_BODY = YES;
				CLANG_WARN_ENUM_CONVERSION = YES;
				CLANG_WARN_INFINITE_RECURSION = YES;
				CLANG_WARN_INT_CONVERSION = YES;
				CLANG_WARN_NON_LITERAL_NULL_CONVERSION = YES;
				CLANG_WARN_OBJC_IMPLICIT_RETAIN_SELF = YES;
				CLANG_WARN_OBJC_LITERAL_CONVERSION = YES;
				CLANG_WARN_OBJC_ROOT_CLASS = YES_ERROR;
				CLANG_WARN_RANGE_LOOP_ANALYSIS = YES;
				CLANG_WARN_STRICT_PROTOTYPES = YES;
				CLANG_WARN_SUSPICIOUS_MOVE = YES;
				CLANG_WARN_UNGUARDED_AVAILABILITY = YES_AGGRESSIVE;
				CLANG_WARN_UNREACHABLE_CODE = YES;
				CLANG_WARN__DUPLICATE_METHOD_MATCH = YES;
				COPY_PHASE_STRIP = NO;
				DEBUG_INFORMATION_FORMAT = dwarf;
				ENABLE_STRICT_OBJC_MSGSEND = YES;
				ENABLE_TESTABILITY = YES;
				GCC_C_LANGUAGE_STANDARD = gnu11;
				GCC_DYNAMIC_NO_PIC = NO;
				GCC_NO_COMMON_BLOCKS = YES;
				GCC_OPTIMIZATION_LEVEL = 0;
				GCC_PREPROCESSOR_DEFINITIONS = (
					"DEBUG=1",
					"$(inherited)",
				);
				GCC_WARN_64_TO_32_BIT_CONVERSION = YES;
				GCC_WARN_ABOUT_RETURN_TYPE = YES_ERROR;
				GCC_WARN_UNDECLARED_SELECTOR = YES;
				GCC_WARN_UNINITIALIZED_AUTOS = YES_AGGRESSIVE;
				GCC_WARN_UNUSED_FUNCTION = YES;
				GCC_WARN_UNUSED_VARIABLE = YES;
				IPHONEOS_DEPLOYMENT_TARGET = 13.2;
				MTL_ENABLE_DEBUG_INFO = INCLUDE_SOURCE;
				MTL_FAST_MATH = YES;
				ONLY_ACTIVE_ARCH = YES;
				SDKROOT = iphoneos;
				SWIFT_ACTIVE_COMPILATION_CONDITIONS = DEBUG;
				SWIFT_OPTIMIZATION_LEVEL = "-Onone";
			};
			name = Debug;
		};
		32FEDE5723FFCC19009C99FC /* Release */ = {
			isa = XCBuildConfiguration;
			buildSettings = {
				ALWAYS_SEARCH_USER_PATHS = NO;
				CLANG_ANALYZER_NONNULL = YES;
				CLANG_ANALYZER_NUMBER_OBJECT_CONVERSION = YES_AGGRESSIVE;
				CLANG_CXX_LANGUAGE_STANDARD = "gnu++14";
				CLANG_CXX_LIBRARY = "libc++";
				CLANG_ENABLE_MODULES = YES;
				CLANG_ENABLE_OBJC_ARC = YES;
				CLANG_ENABLE_OBJC_WEAK = YES;
				CLANG_WARN_BLOCK_CAPTURE_AUTORELEASING = YES;
				CLANG_WARN_BOOL_CONVERSION = YES;
				CLANG_WARN_COMMA = YES;
				CLANG_WARN_CONSTANT_CONVERSION = YES;
				CLANG_WARN_DEPRECATED_OBJC_IMPLEMENTATIONS = YES;
				CLANG_WARN_DIRECT_OBJC_ISA_USAGE = YES_ERROR;
				CLANG_WARN_DOCUMENTATION_COMMENTS = YES;
				CLANG_WARN_EMPTY_BODY = YES;
				CLANG_WARN_ENUM_CONVERSION = YES;
				CLANG_WARN_INFINITE_RECURSION = YES;
				CLANG_WARN_INT_CONVERSION = YES;
				CLANG_WARN_NON_LITERAL_NULL_CONVERSION = YES;
				CLANG_WARN_OBJC_IMPLICIT_RETAIN_SELF = YES;
				CLANG_WARN_OBJC_LITERAL_CONVERSION = YES;
				CLANG_WARN_OBJC_ROOT_CLASS = YES_ERROR;
				CLANG_WARN_RANGE_LOOP_ANALYSIS = YES;
				CLANG_WARN_STRICT_PROTOTYPES = YES;
				CLANG_WARN_SUSPICIOUS_MOVE = YES;
				CLANG_WARN_UNGUARDED_AVAILABILITY = YES_AGGRESSIVE;
				CLANG_WARN_UNREACHABLE_CODE = YES;
				CLANG_WARN__DUPLICATE_METHOD_MATCH = YES;
				COPY_PHASE_STRIP = NO;
				DEBUG_INFORMATION_FORMAT = "dwarf-with-dsym";
				ENABLE_NS_ASSERTIONS = NO;
				ENABLE_STRICT_OBJC_MSGSEND = YES;
				GCC_C_LANGUAGE_STANDARD = gnu11;
				GCC_NO_COMMON_BLOCKS = YES;
				GCC_WARN_64_TO_32_BIT_CONVERSION = YES;
				GCC_WARN_ABOUT_RETURN_TYPE = YES_ERROR;
				GCC_WARN_UNDECLARED_SELECTOR = YES;
				GCC_WARN_UNINITIALIZED_AUTOS = YES_AGGRESSIVE;
				GCC_WARN_UNUSED_FUNCTION = YES;
				GCC_WARN_UNUSED_VARIABLE = YES;
				IPHONEOS_DEPLOYMENT_TARGET = 13.2;
				MTL_ENABLE_DEBUG_INFO = NO;
				MTL_FAST_MATH = YES;
				SDKROOT = iphoneos;
				SWIFT_COMPILATION_MODE = wholemodule;
				SWIFT_OPTIMIZATION_LEVEL = "-O";
				VALIDATE_PRODUCT = YES;
			};
			name = Release;
		};
		32FEDE5923FFCC19009C99FC /* Debug */ = {
			isa = XCBuildConfiguration;
			buildSettings = {
				ASSETCATALOG_COMPILER_APPICON_NAME = AppIcon;
				CODE_SIGN_STYLE = Automatic;
				INFOPLIST_FILE = "Proxy (Заместитель)/Info.plist";
				LD_RUNPATH_SEARCH_PATHS = (
					"$(inherited)",
					"@executable_path/Frameworks",
				);
				PRODUCT_BUNDLE_IDENTIFIER = "user.Proxy--------------";
				PRODUCT_NAME = "$(TARGET_NAME)";
				SWIFT_VERSION = 5.0;
				TARGETED_DEVICE_FAMILY = "1,2";
			};
			name = Debug;
		};
		32FEDE5A23FFCC19009C99FC /* Release */ = {
			isa = XCBuildConfiguration;
			buildSettings = {
				ASSETCATALOG_COMPILER_APPICON_NAME = AppIcon;
				CODE_SIGN_STYLE = Automatic;
				INFOPLIST_FILE = "Proxy (Заместитель)/Info.plist";
				LD_RUNPATH_SEARCH_PATHS = (
					"$(inherited)",
					"@executable_path/Frameworks",
				);
				PRODUCT_BUNDLE_IDENTIFIER = "user.Proxy--------------";
				PRODUCT_NAME = "$(TARGET_NAME)";
				SWIFT_VERSION = 5.0;
				TARGETED_DEVICE_FAMILY = "1,2";
			};
			name = Release;
		};
/* End XCBuildConfiguration section */

/* Begin XCConfigurationList section */
		32FEDE3F23FFCC16009C99FC /* Build configuration list for PBXProject "Proxy (Заместитель)" */ = {
			isa = XCConfigurationList;
			buildConfigurations = (
				32FEDE5623FFCC19009C99FC /* Debug */,
				32FEDE5723FFCC19009C99FC /* Release */,
			);
			defaultConfigurationIsVisible = 0;
			defaultConfigurationName = Release;
		};
		32FEDE5823FFCC19009C99FC /* Build configuration list for PBXNativeTarget "Proxy (Заместитель)" */ = {
			isa = XCConfigurationList;
			buildConfigurations = (
				32FEDE5923FFCC19009C99FC /* Debug */,
				32FEDE5A23FFCC19009C99FC /* Release */,
			);
			defaultConfigurationIsVisible = 0;
			defaultConfigurationName = Release;
		};
/* End XCConfigurationList section */
	};
	rootObject = 32FEDE3C23FFCC16009C99FC /* Project object */;
}
